// !$*UTF8*$!
{
	archiveVersion = 1;
	classes = {
	};
	objectVersion = 50;
	objects = {

/* Begin PBXBuildFile section */
		901D5799274DE67C00AA415C /* NSFileManager+CQ.m in Sources */ = {isa = PBXBuildFile; fileRef = 901D5798274DE67C00AA415C /* NSFileManager+CQ.m */; };
		90293E272780550D0057C166 /* CQVTLearningVC.m in Sources */ = {isa = PBXBuildFile; fileRef = 90293E262780550D0057C166 /* CQVTLearningVC.m */; };
		902B41DE27CB9E43006A0EFB /* CQAudioEncoder.m in Sources */ = {isa = PBXBuildFile; fileRef = 902B41DD27CB9E43006A0EFB /* CQAudioEncoder.m */; };
		902B41E127CB9E52006A0EFB /* CQAudioDecoder.m in Sources */ = {isa = PBXBuildFile; fileRef = 902B41E027CB9E52006A0EFB /* CQAudioDecoder.m */; };
		902B41E527CBAC11006A0EFB /* CQTestAudioCoderVC.m in Sources */ = {isa = PBXBuildFile; fileRef = 902B41E427CBAC11006A0EFB /* CQTestAudioCoderVC.m */; };
		902B41EA27CCDB4D006A0EFB /* CQAudioPCMPlayer.m in Sources */ = {isa = PBXBuildFile; fileRef = 902B41E927CCDB4D006A0EFB /* CQAudioPCMPlayer.m */; };
		9059D5712751CA4D00661C42 /* CQCameraVC.m in Sources */ = {isa = PBXBuildFile; fileRef = 9059D5702751CA4D00661C42 /* CQCameraVC.m */; };
		9059D5762751CB2600661C42 /* CQCameraOperateView.m in Sources */ = {isa = PBXBuildFile; fileRef = 9059D5752751CB2600661C42 /* CQCameraOperateView.m */; };
		9059D5792751CB5300661C42 /* CQCameraStatusView.m in Sources */ = {isa = PBXBuildFile; fileRef = 9059D5782751CB5300661C42 /* CQCameraStatusView.m */; };
		90A590752786EEBF0038CFD2 /* CQAuthorizationTool.m in Sources */ = {isa = PBXBuildFile; fileRef = 90A590742786EEBF0038CFD2 /* CQAuthorizationTool.m */; };
		90AAC59428085B4800677BDC /* CQTestViewController.m in Sources */ = {isa = PBXBuildFile; fileRef = 90AAC59328085B4800677BDC /* CQTestViewController.m */; };
		90B8F1B327C66F2F0011EB14 /* CQTestVideoCoderVC.m in Sources */ = {isa = PBXBuildFile; fileRef = 90B8F1B227C66F2F0011EB14 /* CQTestVideoCoderVC.m */; };
		90B8F1B627C671E80011EB14 /* CQPlayEAGLLayer.m in Sources */ = {isa = PBXBuildFile; fileRef = 90B8F1B527C671E80011EB14 /* CQPlayEAGLLayer.m */; };
		90DE9CA227CB62FA00A7417E /* JXDatabaseConnector.swift in Sources */ = {isa = PBXBuildFile; fileRef = 90DE9C9B27CB62FA00A7417E /* JXDatabaseConnector.swift */; };
		90DE9CA327CB62FA00A7417E /* ExcelView.swift in Sources */ = {isa = PBXBuildFile; fileRef = 90DE9C9C27CB62FA00A7417E /* ExcelView.swift */; };
		90DE9CA427CB62FA00A7417E /* JXTableListViewController.swift in Sources */ = {isa = PBXBuildFile; fileRef = 90DE9C9D27CB62FA00A7417E /* JXTableListViewController.swift */; };
		90DE9CA527CB62FA00A7417E /* JXFileBrowserController.swift in Sources */ = {isa = PBXBuildFile; fileRef = 90DE9C9E27CB62FA00A7417E /* JXFileBrowserController.swift */; };
		90DE9CA627CB62FA00A7417E /* JXTextPreviewViewController.swift in Sources */ = {isa = PBXBuildFile; fileRef = 90DE9C9F27CB62FA00A7417E /* JXTextPreviewViewController.swift */; };
		90DE9CA727CB62FA00A7417E /* JXFilePreviewViewController.swift in Sources */ = {isa = PBXBuildFile; fileRef = 90DE9CA027CB62FA00A7417E /* JXFilePreviewViewController.swift */; };
		90DE9CA827CB62FA00A7417E /* JXTableContentViewController.swift in Sources */ = {isa = PBXBuildFile; fileRef = 90DE9CA127CB62FA00A7417E /* JXTableContentViewController.swift */; };
		90F2300A2758F1E900AFD137 /* CQScreenTool.m in Sources */ = {isa = PBXBuildFile; fileRef = 90F230092758F1E900AFD137 /* CQScreenTool.m */; };
		90F2300D2758F54F00AFD137 /* UIButton+CQExtension.m in Sources */ = {isa = PBXBuildFile; fileRef = 90F2300C2758F54F00AFD137 /* UIButton+CQExtension.m */; };
		90F230102758FBA600AFD137 /* CQCameraShutterButton.m in Sources */ = {isa = PBXBuildFile; fileRef = 90F2300F2758FBA600AFD137 /* CQCameraShutterButton.m */; };
		977EE3F5D61272BCCD3E818D /* libPods-CQAVKit.a in Frameworks */ = {isa = PBXBuildFile; fileRef = 50566FC1D7CC24CC0F39690C /* libPods-CQAVKit.a */; };
		9D1D3DDA27AE9172009E7329 /* CQVideoEncoder.m in Sources */ = {isa = PBXBuildFile; fileRef = 9D1D3DD927AE9172009E7329 /* CQVideoEncoder.m */; };
		9D1D3DDD27AE9180009E7329 /* CQVideoDecoder.m in Sources */ = {isa = PBXBuildFile; fileRef = 9D1D3DDC27AE9180009E7329 /* CQVideoDecoder.m */; };
		9D1D3DE027AEC0E2009E7329 /* CQCoderConfig.m in Sources */ = {isa = PBXBuildFile; fileRef = 9D1D3DDF27AEC0E2009E7329 /* CQCoderConfig.m */; };
		9D1FB5C6272B12AC00F74260 /* CQCaptureManager.m in Sources */ = {isa = PBXBuildFile; fileRef = 9D1FB5C5272B12AC00F74260 /* CQCaptureManager.m */; };
		9DC5068D2729B8C100FE7C27 /* CQCapturePreviewView.m in Sources */ = {isa = PBXBuildFile; fileRef = 9DC5068C2729B8C100FE7C27 /* CQCapturePreviewView.m */; };
		9DF394772725C5C10095E269 /* AppDelegate.m in Sources */ = {isa = PBXBuildFile; fileRef = 9DF394762725C5C10095E269 /* AppDelegate.m */; };
		9DF394822725C5C20095E269 /* Assets.xcassets in Resources */ = {isa = PBXBuildFile; fileRef = 9DF394812725C5C20095E269 /* Assets.xcassets */; };
		9DF394852725C5C20095E269 /* LaunchScreen.storyboard in Resources */ = {isa = PBXBuildFile; fileRef = 9DF394832725C5C20095E269 /* LaunchScreen.storyboard */; };
		9DF394882725C5C20095E269 /* main.m in Sources */ = {isa = PBXBuildFile; fileRef = 9DF394872725C5C20095E269 /* main.m */; };
		9DF394922725C5C20095E269 /* CQAVKitTests.m in Sources */ = {isa = PBXBuildFile; fileRef = 9DF394912725C5C20095E269 /* CQAVKitTests.m */; };
		9DF3949D2725C5C20095E269 /* CQAVKitUITests.m in Sources */ = {isa = PBXBuildFile; fileRef = 9DF3949C2725C5C20095E269 /* CQAVKitUITests.m */; };
		9DF394B12725C85E0095E269 /* CQBaseViewController.m in Sources */ = {isa = PBXBuildFile; fileRef = 9DF394B02725C85E0095E269 /* CQBaseViewController.m */; };
		9DF394BA2725C9C10095E269 /* AppDelegate+Init.m in Sources */ = {isa = PBXBuildFile; fileRef = 9DF394B92725C9C10095E269 /* AppDelegate+Init.m */; };
		9DF394BD2725CA160095E269 /* CQCatalogViewController.m in Sources */ = {isa = PBXBuildFile; fileRef = 9DF394BC2725CA160095E269 /* CQCatalogViewController.m */; };
		9DF394C22725CAC10095E269 /* CQNavigationController.m in Sources */ = {isa = PBXBuildFile; fileRef = 9DF394C12725CAC10095E269 /* CQNavigationController.m */; };
		9DF394C52725CB530095E269 /* CQTestCaptureViewController.m in Sources */ = {isa = PBXBuildFile; fileRef = 9DF394C42725CB530095E269 /* CQTestCaptureViewController.m */; };
/* End PBXBuildFile section */

/* Begin PBXContainerItemProxy section */
		9DF3948E2725C5C20095E269 /* PBXContainerItemProxy */ = {
			isa = PBXContainerItemProxy;
			containerPortal = 9DF3946A2725C5C10095E269 /* Project object */;
			proxyType = 1;
			remoteGlobalIDString = 9DF394712725C5C10095E269;
			remoteInfo = CQAVKit;
		};
		9DF394992725C5C20095E269 /* PBXContainerItemProxy */ = {
			isa = PBXContainerItemProxy;
			containerPortal = 9DF3946A2725C5C10095E269 /* Project object */;
			proxyType = 1;
			remoteGlobalIDString = 9DF394712725C5C10095E269;
			remoteInfo = CQAVKit;
		};
/* End PBXContainerItemProxy section */

/* Begin PBXFileReference section */
		50566FC1D7CC24CC0F39690C /* libPods-CQAVKit.a */ = {isa = PBXFileReference; explicitFileType = archive.ar; includeInIndex = 0; path = "libPods-CQAVKit.a"; sourceTree = BUILT_PRODUCTS_DIR; };
		63D95C982079000A34819C2F /* Pods-CQAVKit.debug.xcconfig */ = {isa = PBXFileReference; includeInIndex = 1; lastKnownFileType = text.xcconfig; name = "Pods-CQAVKit.debug.xcconfig"; path = "Target Support Files/Pods-CQAVKit/Pods-CQAVKit.debug.xcconfig"; sourceTree = "<group>"; };
		901D5797274DE67C00AA415C /* NSFileManager+CQ.h */ = {isa = PBXFileReference; lastKnownFileType = sourcecode.c.h; path = "NSFileManager+CQ.h"; sourceTree = "<group>"; };
		901D5798274DE67C00AA415C /* NSFileManager+CQ.m */ = {isa = PBXFileReference; lastKnownFileType = sourcecode.c.objc; path = "NSFileManager+CQ.m"; sourceTree = "<group>"; };
		90293E252780550D0057C166 /* CQVTLearningVC.h */ = {isa = PBXFileReference; lastKnownFileType = sourcecode.c.h; path = CQVTLearningVC.h; sourceTree = "<group>"; };
		90293E262780550D0057C166 /* CQVTLearningVC.m */ = {isa = PBXFileReference; lastKnownFileType = sourcecode.c.objc; path = CQVTLearningVC.m; sourceTree = "<group>"; };
		902B41DC27CB9E43006A0EFB /* CQAudioEncoder.h */ = {isa = PBXFileReference; lastKnownFileType = sourcecode.c.h; path = CQAudioEncoder.h; sourceTree = "<group>"; };
		902B41DD27CB9E43006A0EFB /* CQAudioEncoder.m */ = {isa = PBXFileReference; lastKnownFileType = sourcecode.c.objc; path = CQAudioEncoder.m; sourceTree = "<group>"; };
		902B41DF27CB9E52006A0EFB /* CQAudioDecoder.h */ = {isa = PBXFileReference; lastKnownFileType = sourcecode.c.h; path = CQAudioDecoder.h; sourceTree = "<group>"; };
		902B41E027CB9E52006A0EFB /* CQAudioDecoder.m */ = {isa = PBXFileReference; lastKnownFileType = sourcecode.c.objc; path = CQAudioDecoder.m; sourceTree = "<group>"; };
		902B41E327CBAC11006A0EFB /* CQTestAudioCoderVC.h */ = {isa = PBXFileReference; lastKnownFileType = sourcecode.c.h; path = CQTestAudioCoderVC.h; sourceTree = "<group>"; };
		902B41E427CBAC11006A0EFB /* CQTestAudioCoderVC.m */ = {isa = PBXFileReference; lastKnownFileType = sourcecode.c.objc; path = CQTestAudioCoderVC.m; sourceTree = "<group>"; };
		902B41E827CCDB4D006A0EFB /* CQAudioPCMPlayer.h */ = {isa = PBXFileReference; lastKnownFileType = sourcecode.c.h; path = CQAudioPCMPlayer.h; sourceTree = "<group>"; };
		902B41E927CCDB4D006A0EFB /* CQAudioPCMPlayer.m */ = {isa = PBXFileReference; lastKnownFileType = sourcecode.c.objc; path = CQAudioPCMPlayer.m; sourceTree = "<group>"; };
		9059D56F2751CA4D00661C42 /* CQCameraVC.h */ = {isa = PBXFileReference; lastKnownFileType = sourcecode.c.h; path = CQCameraVC.h; sourceTree = "<group>"; };
		9059D5702751CA4D00661C42 /* CQCameraVC.m */ = {isa = PBXFileReference; lastKnownFileType = sourcecode.c.objc; path = CQCameraVC.m; sourceTree = "<group>"; };
		9059D5742751CB2600661C42 /* CQCameraOperateView.h */ = {isa = PBXFileReference; lastKnownFileType = sourcecode.c.h; path = CQCameraOperateView.h; sourceTree = "<group>"; };
		9059D5752751CB2600661C42 /* CQCameraOperateView.m */ = {isa = PBXFileReference; lastKnownFileType = sourcecode.c.objc; path = CQCameraOperateView.m; sourceTree = "<group>"; };
		9059D5772751CB5300661C42 /* CQCameraStatusView.h */ = {isa = PBXFileReference; lastKnownFileType = sourcecode.c.h; path = CQCameraStatusView.h; sourceTree = "<group>"; };
		9059D5782751CB5300661C42 /* CQCameraStatusView.m */ = {isa = PBXFileReference; lastKnownFileType = sourcecode.c.objc; path = CQCameraStatusView.m; sourceTree = "<group>"; };
		90A590732786EEBF0038CFD2 /* CQAuthorizationTool.h */ = {isa = PBXFileReference; lastKnownFileType = sourcecode.c.h; path = CQAuthorizationTool.h; sourceTree = "<group>"; };
		90A590742786EEBF0038CFD2 /* CQAuthorizationTool.m */ = {isa = PBXFileReference; lastKnownFileType = sourcecode.c.objc; path = CQAuthorizationTool.m; sourceTree = "<group>"; };
		90AAC59228085B4800677BDC /* CQTestViewController.h */ = {isa = PBXFileReference; lastKnownFileType = sourcecode.c.h; path = CQTestViewController.h; sourceTree = "<group>"; };
		90AAC59328085B4800677BDC /* CQTestViewController.m */ = {isa = PBXFileReference; lastKnownFileType = sourcecode.c.objc; path = CQTestViewController.m; sourceTree = "<group>"; };
		90B8F1B127C66F2F0011EB14 /* CQTestVideoCoderVC.h */ = {isa = PBXFileReference; lastKnownFileType = sourcecode.c.h; path = CQTestVideoCoderVC.h; sourceTree = "<group>"; };
		90B8F1B227C66F2F0011EB14 /* CQTestVideoCoderVC.m */ = {isa = PBXFileReference; lastKnownFileType = sourcecode.c.objc; path = CQTestVideoCoderVC.m; sourceTree = "<group>"; };
		90B8F1B427C671E80011EB14 /* CQPlayEAGLLayer.h */ = {isa = PBXFileReference; lastKnownFileType = sourcecode.c.h; path = CQPlayEAGLLayer.h; sourceTree = "<group>"; };
		90B8F1B527C671E80011EB14 /* CQPlayEAGLLayer.m */ = {isa = PBXFileReference; lastKnownFileType = sourcecode.c.objc; path = CQPlayEAGLLayer.m; sourceTree = "<group>"; };
		90DE9C9B27CB62FA00A7417E /* JXDatabaseConnector.swift */ = {isa = PBXFileReference; fileEncoding = 4; lastKnownFileType = sourcecode.swift; path = JXDatabaseConnector.swift; sourceTree = "<group>"; };
		90DE9C9C27CB62FA00A7417E /* ExcelView.swift */ = {isa = PBXFileReference; fileEncoding = 4; lastKnownFileType = sourcecode.swift; path = ExcelView.swift; sourceTree = "<group>"; };
		90DE9C9D27CB62FA00A7417E /* JXTableListViewController.swift */ = {isa = PBXFileReference; fileEncoding = 4; lastKnownFileType = sourcecode.swift; path = JXTableListViewController.swift; sourceTree = "<group>"; };
		90DE9C9E27CB62FA00A7417E /* JXFileBrowserController.swift */ = {isa = PBXFileReference; fileEncoding = 4; lastKnownFileType = sourcecode.swift; path = JXFileBrowserController.swift; sourceTree = "<group>"; };
		90DE9C9F27CB62FA00A7417E /* JXTextPreviewViewController.swift */ = {isa = PBXFileReference; fileEncoding = 4; lastKnownFileType = sourcecode.swift; path = JXTextPreviewViewController.swift; sourceTree = "<group>"; };
		90DE9CA027CB62FA00A7417E /* JXFilePreviewViewController.swift */ = {isa = PBXFileReference; fileEncoding = 4; lastKnownFileType = sourcecode.swift; path = JXFilePreviewViewController.swift; sourceTree = "<group>"; };
		90DE9CA127CB62FA00A7417E /* JXTableContentViewController.swift */ = {isa = PBXFileReference; fileEncoding = 4; lastKnownFileType = sourcecode.swift; path = JXTableContentViewController.swift; sourceTree = "<group>"; };
		90F230082758F1E900AFD137 /* CQScreenTool.h */ = {isa = PBXFileReference; lastKnownFileType = sourcecode.c.h; path = CQScreenTool.h; sourceTree = "<group>"; };
		90F230092758F1E900AFD137 /* CQScreenTool.m */ = {isa = PBXFileReference; lastKnownFileType = sourcecode.c.objc; path = CQScreenTool.m; sourceTree = "<group>"; };
		90F2300B2758F54F00AFD137 /* UIButton+CQExtension.h */ = {isa = PBXFileReference; lastKnownFileType = sourcecode.c.h; path = "UIButton+CQExtension.h"; sourceTree = "<group>"; };
		90F2300C2758F54F00AFD137 /* UIButton+CQExtension.m */ = {isa = PBXFileReference; lastKnownFileType = sourcecode.c.objc; path = "UIButton+CQExtension.m"; sourceTree = "<group>"; };
		90F2300E2758FBA600AFD137 /* CQCameraShutterButton.h */ = {isa = PBXFileReference; lastKnownFileType = sourcecode.c.h; path = CQCameraShutterButton.h; sourceTree = "<group>"; };
		90F2300F2758FBA600AFD137 /* CQCameraShutterButton.m */ = {isa = PBXFileReference; lastKnownFileType = sourcecode.c.objc; path = CQCameraShutterButton.m; sourceTree = "<group>"; };
		9D1D3DD827AE9172009E7329 /* CQVideoEncoder.h */ = {isa = PBXFileReference; lastKnownFileType = sourcecode.c.h; path = CQVideoEncoder.h; sourceTree = "<group>"; };
		9D1D3DD927AE9172009E7329 /* CQVideoEncoder.m */ = {isa = PBXFileReference; lastKnownFileType = sourcecode.c.objc; path = CQVideoEncoder.m; sourceTree = "<group>"; };
		9D1D3DDB27AE9180009E7329 /* CQVideoDecoder.h */ = {isa = PBXFileReference; lastKnownFileType = sourcecode.c.h; path = CQVideoDecoder.h; sourceTree = "<group>"; };
		9D1D3DDC27AE9180009E7329 /* CQVideoDecoder.m */ = {isa = PBXFileReference; lastKnownFileType = sourcecode.c.objc; path = CQVideoDecoder.m; sourceTree = "<group>"; };
		9D1D3DDE27AEC0E2009E7329 /* CQCoderConfig.h */ = {isa = PBXFileReference; lastKnownFileType = sourcecode.c.h; path = CQCoderConfig.h; sourceTree = "<group>"; };
		9D1D3DDF27AEC0E2009E7329 /* CQCoderConfig.m */ = {isa = PBXFileReference; lastKnownFileType = sourcecode.c.objc; path = CQCoderConfig.m; sourceTree = "<group>"; };
		9D1FB5C4272B12AC00F74260 /* CQCaptureManager.h */ = {isa = PBXFileReference; lastKnownFileType = sourcecode.c.h; path = CQCaptureManager.h; sourceTree = "<group>"; };
		9D1FB5C5272B12AC00F74260 /* CQCaptureManager.m */ = {isa = PBXFileReference; lastKnownFileType = sourcecode.c.objc; path = CQCaptureManager.m; sourceTree = "<group>"; };
		9DC5068B2729B8C100FE7C27 /* CQCapturePreviewView.h */ = {isa = PBXFileReference; lastKnownFileType = sourcecode.c.h; path = CQCapturePreviewView.h; sourceTree = "<group>"; };
		9DC5068C2729B8C100FE7C27 /* CQCapturePreviewView.m */ = {isa = PBXFileReference; lastKnownFileType = sourcecode.c.objc; path = CQCapturePreviewView.m; sourceTree = "<group>"; };
		9DF394722725C5C10095E269 /* CQAVKit.app */ = {isa = PBXFileReference; explicitFileType = wrapper.application; includeInIndex = 0; path = CQAVKit.app; sourceTree = BUILT_PRODUCTS_DIR; };
		9DF394752725C5C10095E269 /* AppDelegate.h */ = {isa = PBXFileReference; lastKnownFileType = sourcecode.c.h; path = AppDelegate.h; sourceTree = "<group>"; };
		9DF394762725C5C10095E269 /* AppDelegate.m */ = {isa = PBXFileReference; lastKnownFileType = sourcecode.c.objc; path = AppDelegate.m; sourceTree = "<group>"; };
		9DF394812725C5C20095E269 /* Assets.xcassets */ = {isa = PBXFileReference; lastKnownFileType = folder.assetcatalog; path = Assets.xcassets; sourceTree = "<group>"; };
		9DF394842725C5C20095E269 /* Base */ = {isa = PBXFileReference; lastKnownFileType = file.storyboard; name = Base; path = Base.lproj/LaunchScreen.storyboard; sourceTree = "<group>"; };
		9DF394862725C5C20095E269 /* Info.plist */ = {isa = PBXFileReference; lastKnownFileType = text.plist.xml; path = Info.plist; sourceTree = "<group>"; };
		9DF394872725C5C20095E269 /* main.m */ = {isa = PBXFileReference; lastKnownFileType = sourcecode.c.objc; path = main.m; sourceTree = "<group>"; };
		9DF3948D2725C5C20095E269 /* CQAVKitTests.xctest */ = {isa = PBXFileReference; explicitFileType = wrapper.cfbundle; includeInIndex = 0; path = CQAVKitTests.xctest; sourceTree = BUILT_PRODUCTS_DIR; };
		9DF394912725C5C20095E269 /* CQAVKitTests.m */ = {isa = PBXFileReference; lastKnownFileType = sourcecode.c.objc; path = CQAVKitTests.m; sourceTree = "<group>"; };
		9DF394932725C5C20095E269 /* Info.plist */ = {isa = PBXFileReference; lastKnownFileType = text.plist.xml; path = Info.plist; sourceTree = "<group>"; };
		9DF394982725C5C20095E269 /* CQAVKitUITests.xctest */ = {isa = PBXFileReference; explicitFileType = wrapper.cfbundle; includeInIndex = 0; path = CQAVKitUITests.xctest; sourceTree = BUILT_PRODUCTS_DIR; };
		9DF3949C2725C5C20095E269 /* CQAVKitUITests.m */ = {isa = PBXFileReference; lastKnownFileType = sourcecode.c.objc; path = CQAVKitUITests.m; sourceTree = "<group>"; };
		9DF3949E2725C5C20095E269 /* Info.plist */ = {isa = PBXFileReference; lastKnownFileType = text.plist.xml; path = Info.plist; sourceTree = "<group>"; };
		9DF394AF2725C85E0095E269 /* CQBaseViewController.h */ = {isa = PBXFileReference; lastKnownFileType = sourcecode.c.h; path = CQBaseViewController.h; sourceTree = "<group>"; };
		9DF394B02725C85E0095E269 /* CQBaseViewController.m */ = {isa = PBXFileReference; lastKnownFileType = sourcecode.c.objc; path = CQBaseViewController.m; sourceTree = "<group>"; };
		9DF394B62725C8950095E269 /* PrefixHeader.pch */ = {isa = PBXFileReference; lastKnownFileType = sourcecode.c.h; path = PrefixHeader.pch; sourceTree = "<group>"; };
		9DF394B82725C9C10095E269 /* AppDelegate+Init.h */ = {isa = PBXFileReference; lastKnownFileType = sourcecode.c.h; path = "AppDelegate+Init.h"; sourceTree = "<group>"; };
		9DF394B92725C9C10095E269 /* AppDelegate+Init.m */ = {isa = PBXFileReference; lastKnownFileType = sourcecode.c.objc; path = "AppDelegate+Init.m"; sourceTree = "<group>"; };
		9DF394BB2725CA160095E269 /* CQCatalogViewController.h */ = {isa = PBXFileReference; lastKnownFileType = sourcecode.c.h; path = CQCatalogViewController.h; sourceTree = "<group>"; };
		9DF394BC2725CA160095E269 /* CQCatalogViewController.m */ = {isa = PBXFileReference; lastKnownFileType = sourcecode.c.objc; path = CQCatalogViewController.m; sourceTree = "<group>"; };
		9DF394BE2725CA6A0095E269 /* CQMacros.h */ = {isa = PBXFileReference; fileEncoding = 4; lastKnownFileType = sourcecode.c.h; path = CQMacros.h; sourceTree = "<group>"; };
		9DF394C02725CAC10095E269 /* CQNavigationController.h */ = {isa = PBXFileReference; lastKnownFileType = sourcecode.c.h; path = CQNavigationController.h; sourceTree = "<group>"; };
		9DF394C12725CAC10095E269 /* CQNavigationController.m */ = {isa = PBXFileReference; lastKnownFileType = sourcecode.c.objc; path = CQNavigationController.m; sourceTree = "<group>"; };
		9DF394C32725CB530095E269 /* CQTestCaptureViewController.h */ = {isa = PBXFileReference; lastKnownFileType = sourcecode.c.h; path = CQTestCaptureViewController.h; sourceTree = "<group>"; };
		9DF394C42725CB530095E269 /* CQTestCaptureViewController.m */ = {isa = PBXFileReference; lastKnownFileType = sourcecode.c.objc; path = CQTestCaptureViewController.m; sourceTree = "<group>"; };
		F86E50FC46FE8FBB29480934 /* Pods-CQAVKit.release.xcconfig */ = {isa = PBXFileReference; includeInIndex = 1; lastKnownFileType = text.xcconfig; name = "Pods-CQAVKit.release.xcconfig"; path = "Target Support Files/Pods-CQAVKit/Pods-CQAVKit.release.xcconfig"; sourceTree = "<group>"; };
/* End PBXFileReference section */

/* Begin PBXFrameworksBuildPhase section */
		9DF3946F2725C5C10095E269 /* Frameworks */ = {
			isa = PBXFrameworksBuildPhase;
			buildActionMask = 2147483647;
			files = (
				977EE3F5D61272BCCD3E818D /* libPods-CQAVKit.a in Frameworks */,
			);
			runOnlyForDeploymentPostprocessing = 0;
		};
		9DF3948A2725C5C20095E269 /* Frameworks */ = {
			isa = PBXFrameworksBuildPhase;
			buildActionMask = 2147483647;
			files = (
			);
			runOnlyForDeploymentPostprocessing = 0;
		};
		9DF394952725C5C20095E269 /* Frameworks */ = {
			isa = PBXFrameworksBuildPhase;
			buildActionMask = 2147483647;
			files = (
			);
			runOnlyForDeploymentPostprocessing = 0;
		};
/* End PBXFrameworksBuildPhase section */

/* Begin PBXGroup section */
		18D0B6BDD18E05CBFF7D5723 /* Pods */ = {
			isa = PBXGroup;
			children = (
				63D95C982079000A34819C2F /* Pods-CQAVKit.debug.xcconfig */,
				F86E50FC46FE8FBB29480934 /* Pods-CQAVKit.release.xcconfig */,
			);
			path = Pods;
			sourceTree = "<group>";
		};
		83803B7A2FEAA1B33B1E39DF /* Frameworks */ = {
			isa = PBXGroup;
			children = (
				50566FC1D7CC24CC0F39690C /* libPods-CQAVKit.a */,
			);
			name = Frameworks;
			sourceTree = "<group>";
		};
		901D5796274DE66300AA415C /* Category */ = {
			isa = PBXGroup;
			children = (
				901D5797274DE67C00AA415C /* NSFileManager+CQ.h */,
				901D5798274DE67C00AA415C /* NSFileManager+CQ.m */,
				90F2300B2758F54F00AFD137 /* UIButton+CQExtension.h */,
				90F2300C2758F54F00AFD137 /* UIButton+CQExtension.m */,
			);
			path = Category;
			sourceTree = "<group>";
		};
		90293E23278054CA0057C166 /* VTLearning */ = {
			isa = PBXGroup;
			children = (
				90293E24278054E50057C166 /* Controller */,
			);
			path = VTLearning;
			sourceTree = "<group>";
		};
		90293E24278054E50057C166 /* Controller */ = {
			isa = PBXGroup;
			children = (
				90293E252780550D0057C166 /* CQVTLearningVC.h */,
				90293E262780550D0057C166 /* CQVTLearningVC.m */,
			);
			path = Controller;
			sourceTree = "<group>";
		};
		902B41E227CBABF4006A0EFB /* TestAudioCoder */ = {
			isa = PBXGroup;
			children = (
				902B41E327CBAC11006A0EFB /* CQTestAudioCoderVC.h */,
				902B41E427CBAC11006A0EFB /* CQTestAudioCoderVC.m */,
			);
			path = TestAudioCoder;
			sourceTree = "<group>";
		};
		902B41E627CCDB1D006A0EFB /* VideoCoder */ = {
			isa = PBXGroup;
			children = (
				9D1D3DD827AE9172009E7329 /* CQVideoEncoder.h */,
				9D1D3DD927AE9172009E7329 /* CQVideoEncoder.m */,
				9D1D3DDB27AE9180009E7329 /* CQVideoDecoder.h */,
				9D1D3DDC27AE9180009E7329 /* CQVideoDecoder.m */,
			);
			path = VideoCoder;
			sourceTree = "<group>";
		};
		902B41E727CCDB28006A0EFB /* AudioCoder */ = {
			isa = PBXGroup;
			children = (
				902B41DC27CB9E43006A0EFB /* CQAudioEncoder.h */,
				902B41DD27CB9E43006A0EFB /* CQAudioEncoder.m */,
				902B41DF27CB9E52006A0EFB /* CQAudioDecoder.h */,
				902B41E027CB9E52006A0EFB /* CQAudioDecoder.m */,
			);
			path = AudioCoder;
			sourceTree = "<group>";
		};
		9059D56E2751C8FE00661C42 /* Camera */ = {
			isa = PBXGroup;
			children = (
				9059D5732751CA6B00661C42 /* View */,
				9059D5722751CA6300661C42 /* Controller */,
			);
			path = Camera;
			sourceTree = "<group>";
		};
		9059D5722751CA6300661C42 /* Controller */ = {
			isa = PBXGroup;
			children = (
				9059D56F2751CA4D00661C42 /* CQCameraVC.h */,
				9059D5702751CA4D00661C42 /* CQCameraVC.m */,
			);
			path = Controller;
			sourceTree = "<group>";
		};
		9059D5732751CA6B00661C42 /* View */ = {
			isa = PBXGroup;
			children = (
				9059D5772751CB5300661C42 /* CQCameraStatusView.h */,
				9059D5782751CB5300661C42 /* CQCameraStatusView.m */,
				9059D5742751CB2600661C42 /* CQCameraOperateView.h */,
				9059D5752751CB2600661C42 /* CQCameraOperateView.m */,
				90F2300E2758FBA600AFD137 /* CQCameraShutterButton.h */,
				90F2300F2758FBA600AFD137 /* CQCameraShutterButton.m */,
			);
			path = View;
			sourceTree = "<group>";
		};
		90AAC59128085B2F00677BDC /* TestPage */ = {
			isa = PBXGroup;
			children = (
				90AAC59228085B4800677BDC /* CQTestViewController.h */,
				90AAC59328085B4800677BDC /* CQTestViewController.m */,
			);
			path = TestPage;
			sourceTree = "<group>";
		};
		90B8F1B027C66E880011EB14 /* TestVideoCoder */ = {
			isa = PBXGroup;
			children = (
				90B8F1B127C66F2F0011EB14 /* CQTestVideoCoderVC.h */,
				90B8F1B227C66F2F0011EB14 /* CQTestVideoCoderVC.m */,
			);
			path = TestVideoCoder;
			sourceTree = "<group>";
		};
		90DE9C9A27CB62FA00A7417E /* JXFileBrowserController */ = {
			isa = PBXGroup;
			children = (
				90DE9C9B27CB62FA00A7417E /* JXDatabaseConnector.swift */,
				90DE9C9C27CB62FA00A7417E /* ExcelView.swift */,
				90DE9C9D27CB62FA00A7417E /* JXTableListViewController.swift */,
				90DE9C9E27CB62FA00A7417E /* JXFileBrowserController.swift */,
				90DE9C9F27CB62FA00A7417E /* JXTextPreviewViewController.swift */,
				90DE9CA027CB62FA00A7417E /* JXFilePreviewViewController.swift */,
				90DE9CA127CB62FA00A7417E /* JXTableContentViewController.swift */,
			);
			path = JXFileBrowserController;
			sourceTree = "<group>";
		};
		9DF394692725C5C10095E269 = {
			isa = PBXGroup;
			children = (
				9DF394742725C5C10095E269 /* CQAVKit */,
				9DF394902725C5C20095E269 /* CQAVKitTests */,
				9DF3949B2725C5C20095E269 /* CQAVKitUITests */,
				9DF394732725C5C10095E269 /* Products */,
				18D0B6BDD18E05CBFF7D5723 /* Pods */,
				83803B7A2FEAA1B33B1E39DF /* Frameworks */,
			);
			sourceTree = "<group>";
		};
		9DF394732725C5C10095E269 /* Products */ = {
			isa = PBXGroup;
			children = (
				9DF394722725C5C10095E269 /* CQAVKit.app */,
				9DF3948D2725C5C20095E269 /* CQAVKitTests.xctest */,
				9DF394982725C5C20095E269 /* CQAVKitUITests.xctest */,
			);
			name = Products;
			sourceTree = "<group>";
		};
		9DF394742725C5C10095E269 /* CQAVKit */ = {
			isa = PBXGroup;
			children = (
				90DE9C9A27CB62FA00A7417E /* JXFileBrowserController */,
				9DF394C82725CC4A0095E269 /* CQCapture */,
				9DF394C72725CC220095E269 /* CQCoder */,
				9DF394C62725CC0E0095E269 /* CQPlayer */,
				9DF394BF2725CA750095E269 /* Tool */,
				9DF394AA2725C6420095E269 /* UI */,
				9DF394B72725C97B0095E269 /* Supporting Files */,
			);
			path = CQAVKit;
			sourceTree = "<group>";
		};
		9DF394902725C5C20095E269 /* CQAVKitTests */ = {
			isa = PBXGroup;
			children = (
				9DF394912725C5C20095E269 /* CQAVKitTests.m */,
				9DF394932725C5C20095E269 /* Info.plist */,
			);
			path = CQAVKitTests;
			sourceTree = "<group>";
		};
		9DF3949B2725C5C20095E269 /* CQAVKitUITests */ = {
			isa = PBXGroup;
			children = (
				9DF3949C2725C5C20095E269 /* CQAVKitUITests.m */,
				9DF3949E2725C5C20095E269 /* Info.plist */,
			);
			path = CQAVKitUITests;
			sourceTree = "<group>";
		};
		9DF394AA2725C6420095E269 /* UI */ = {
			isa = PBXGroup;
			children = (
				9DF394AC2725C6570095E269 /* Pages */,
				9DF394AD2725C6630095E269 /* Resource */,
				9DF394B52725C8730095E269 /* Base */,
				9DF394AE2725C66D0095E269 /* Other */,
				9DF394AB2725C64D0095E269 /* AppDelegate */,
			);
			path = UI;
			sourceTree = "<group>";
		};
		9DF394AB2725C64D0095E269 /* AppDelegate */ = {
			isa = PBXGroup;
			children = (
				9DF394752725C5C10095E269 /* AppDelegate.h */,
				9DF394762725C5C10095E269 /* AppDelegate.m */,
				9DF394B82725C9C10095E269 /* AppDelegate+Init.h */,
				9DF394B92725C9C10095E269 /* AppDelegate+Init.m */,
			);
			path = AppDelegate;
			sourceTree = "<group>";
		};
		9DF394AC2725C6570095E269 /* Pages */ = {
			isa = PBXGroup;
			children = (
				90AAC59128085B2F00677BDC /* TestPage */,
				902B41E227CBABF4006A0EFB /* TestAudioCoder */,
				90B8F1B027C66E880011EB14 /* TestVideoCoder */,
				90293E23278054CA0057C166 /* VTLearning */,
				9059D56E2751C8FE00661C42 /* Camera */,
				9DF394BB2725CA160095E269 /* CQCatalogViewController.h */,
				9DF394BC2725CA160095E269 /* CQCatalogViewController.m */,
				9DF394C32725CB530095E269 /* CQTestCaptureViewController.h */,
				9DF394C42725CB530095E269 /* CQTestCaptureViewController.m */,
			);
			path = Pages;
			sourceTree = "<group>";
		};
		9DF394AD2725C6630095E269 /* Resource */ = {
			isa = PBXGroup;
			children = (
				9DF394812725C5C20095E269 /* Assets.xcassets */,
			);
			path = Resource;
			sourceTree = "<group>";
		};
		9DF394AE2725C66D0095E269 /* Other */ = {
			isa = PBXGroup;
			children = (
				9DF394832725C5C20095E269 /* LaunchScreen.storyboard */,
				9DF394872725C5C20095E269 /* main.m */,
				9DF394B62725C8950095E269 /* PrefixHeader.pch */,
			);
			path = Other;
			sourceTree = "<group>";
		};
		9DF394B52725C8730095E269 /* Base */ = {
			isa = PBXGroup;
			children = (
				9DF394AF2725C85E0095E269 /* CQBaseViewController.h */,
				9DF394B02725C85E0095E269 /* CQBaseViewController.m */,
				9DF394C02725CAC10095E269 /* CQNavigationController.h */,
				9DF394C12725CAC10095E269 /* CQNavigationController.m */,
			);
			path = Base;
			sourceTree = "<group>";
		};
		9DF394B72725C97B0095E269 /* Supporting Files */ = {
			isa = PBXGroup;
			children = (
				9DF394862725C5C20095E269 /* Info.plist */,
			);
			name = "Supporting Files";
			sourceTree = "<group>";
		};
		9DF394BF2725CA750095E269 /* Tool */ = {
			isa = PBXGroup;
			children = (
				901D5796274DE66300AA415C /* Category */,
				9DF394BE2725CA6A0095E269 /* CQMacros.h */,
				90F230082758F1E900AFD137 /* CQScreenTool.h */,
				90F230092758F1E900AFD137 /* CQScreenTool.m */,
				90A590732786EEBF0038CFD2 /* CQAuthorizationTool.h */,
				90A590742786EEBF0038CFD2 /* CQAuthorizationTool.m */,
			);
			path = Tool;
			sourceTree = "<group>";
		};
		9DF394C62725CC0E0095E269 /* CQPlayer */ = {
			isa = PBXGroup;
			children = (
				90B8F1B427C671E80011EB14 /* CQPlayEAGLLayer.h */,
				90B8F1B527C671E80011EB14 /* CQPlayEAGLLayer.m */,
				902B41E827CCDB4D006A0EFB /* CQAudioPCMPlayer.h */,
				902B41E927CCDB4D006A0EFB /* CQAudioPCMPlayer.m */,
			);
			path = CQPlayer;
			sourceTree = "<group>";
		};
		9DF394C72725CC220095E269 /* CQCoder */ = {
			isa = PBXGroup;
			children = (
				902B41E727CCDB28006A0EFB /* AudioCoder */,
				902B41E627CCDB1D006A0EFB /* VideoCoder */,
				9D1D3DDE27AEC0E2009E7329 /* CQCoderConfig.h */,
				9D1D3DDF27AEC0E2009E7329 /* CQCoderConfig.m */,
			);
			path = CQCoder;
			sourceTree = "<group>";
		};
		9DF394C82725CC4A0095E269 /* CQCapture */ = {
			isa = PBXGroup;
			children = (
				9DC5068B2729B8C100FE7C27 /* CQCapturePreviewView.h */,
				9DC5068C2729B8C100FE7C27 /* CQCapturePreviewView.m */,
				9D1FB5C4272B12AC00F74260 /* CQCaptureManager.h */,
				9D1FB5C5272B12AC00F74260 /* CQCaptureManager.m */,
			);
			path = CQCapture;
			sourceTree = "<group>";
		};
/* End PBXGroup section */

/* Begin PBXNativeTarget section */
		9DF394712725C5C10095E269 /* CQAVKit */ = {
			isa = PBXNativeTarget;
			buildConfigurationList = 9DF394A12725C5C20095E269 /* Build configuration list for PBXNativeTarget "CQAVKit" */;
			buildPhases = (
				A1A51C7440DA028D85829F7C /* [CP] Check Pods Manifest.lock */,
				9DF3946E2725C5C10095E269 /* Sources */,
				9DF3946F2725C5C10095E269 /* Frameworks */,
				9DF394702725C5C10095E269 /* Resources */,
			);
			buildRules = (
			);
			dependencies = (
			);
			name = CQAVKit;
			productName = CQAVKit;
			productReference = 9DF394722725C5C10095E269 /* CQAVKit.app */;
			productType = "com.apple.product-type.application";
		};
		9DF3948C2725C5C20095E269 /* CQAVKitTests */ = {
			isa = PBXNativeTarget;
			buildConfigurationList = 9DF394A42725C5C20095E269 /* Build configuration list for PBXNativeTarget "CQAVKitTests" */;
			buildPhases = (
				9DF394892725C5C20095E269 /* Sources */,
				9DF3948A2725C5C20095E269 /* Frameworks */,
				9DF3948B2725C5C20095E269 /* Resources */,
			);
			buildRules = (
			);
			dependencies = (
				9DF3948F2725C5C20095E269 /* PBXTargetDependency */,
			);
			name = CQAVKitTests;
			productName = CQAVKitTests;
			productReference = 9DF3948D2725C5C20095E269 /* CQAVKitTests.xctest */;
			productType = "com.apple.product-type.bundle.unit-test";
		};
		9DF394972725C5C20095E269 /* CQAVKitUITests */ = {
			isa = PBXNativeTarget;
			buildConfigurationList = 9DF394A72725C5C20095E269 /* Build configuration list for PBXNativeTarget "CQAVKitUITests" */;
			buildPhases = (
				9DF394942725C5C20095E269 /* Sources */,
				9DF394952725C5C20095E269 /* Frameworks */,
				9DF394962725C5C20095E269 /* Resources */,
			);
			buildRules = (
			);
			dependencies = (
				9DF3949A2725C5C20095E269 /* PBXTargetDependency */,
			);
			name = CQAVKitUITests;
			productName = CQAVKitUITests;
			productReference = 9DF394982725C5C20095E269 /* CQAVKitUITests.xctest */;
			productType = "com.apple.product-type.bundle.ui-testing";
		};
/* End PBXNativeTarget section */

/* Begin PBXProject section */
		9DF3946A2725C5C10095E269 /* Project object */ = {
			isa = PBXProject;
			attributes = {
				CLASSPREFIX = CQ;
				LastUpgradeCheck = 1250;
				TargetAttributes = {
					9DF394712725C5C10095E269 = {
						CreatedOnToolsVersion = 12.5;
					};
					9DF3948C2725C5C20095E269 = {
						CreatedOnToolsVersion = 12.5;
						TestTargetID = 9DF394712725C5C10095E269;
					};
					9DF394972725C5C20095E269 = {
						CreatedOnToolsVersion = 12.5;
						TestTargetID = 9DF394712725C5C10095E269;
					};
				};
			};
			buildConfigurationList = 9DF3946D2725C5C10095E269 /* Build configuration list for PBXProject "CQAVKit" */;
			compatibilityVersion = "Xcode 9.3";
			developmentRegion = en;
			hasScannedForEncodings = 0;
			knownRegions = (
				en,
				Base,
			);
			mainGroup = 9DF394692725C5C10095E269;
			productRefGroup = 9DF394732725C5C10095E269 /* Products */;
			projectDirPath = "";
			projectRoot = "";
			targets = (
				9DF394712725C5C10095E269 /* CQAVKit */,
				9DF3948C2725C5C20095E269 /* CQAVKitTests */,
				9DF394972725C5C20095E269 /* CQAVKitUITests */,
			);
		};
/* End PBXProject section */

/* Begin PBXResourcesBuildPhase section */
		9DF394702725C5C10095E269 /* Resources */ = {
			isa = PBXResourcesBuildPhase;
			buildActionMask = 2147483647;
			files = (
				9DF394852725C5C20095E269 /* LaunchScreen.storyboard in Resources */,
				9DF394822725C5C20095E269 /* Assets.xcassets in Resources */,
			);
			runOnlyForDeploymentPostprocessing = 0;
		};
		9DF3948B2725C5C20095E269 /* Resources */ = {
			isa = PBXResourcesBuildPhase;
			buildActionMask = 2147483647;
			files = (
			);
			runOnlyForDeploymentPostprocessing = 0;
		};
		9DF394962725C5C20095E269 /* Resources */ = {
			isa = PBXResourcesBuildPhase;
			buildActionMask = 2147483647;
			files = (
			);
			runOnlyForDeploymentPostprocessing = 0;
		};
/* End PBXResourcesBuildPhase section */

/* Begin PBXShellScriptBuildPhase section */
		A1A51C7440DA028D85829F7C /* [CP] Check Pods Manifest.lock */ = {
			isa = PBXShellScriptBuildPhase;
			buildActionMask = 2147483647;
			files = (
			);
			inputFileListPaths = (
			);
			inputPaths = (
				"${PODS_PODFILE_DIR_PATH}/Podfile.lock",
				"${PODS_ROOT}/Manifest.lock",
			);
			name = "[CP] Check Pods Manifest.lock";
			outputFileListPaths = (
			);
			outputPaths = (
				"$(DERIVED_FILE_DIR)/Pods-CQAVKit-checkManifestLockResult.txt",
			);
			runOnlyForDeploymentPostprocessing = 0;
			shellPath = /bin/sh;
			shellScript = "diff \"${PODS_PODFILE_DIR_PATH}/Podfile.lock\" \"${PODS_ROOT}/Manifest.lock\" > /dev/null\nif [ $? != 0 ] ; then\n    # print error to STDERR\n    echo \"error: The sandbox is not in sync with the Podfile.lock. Run 'pod install' or update your CocoaPods installation.\" >&2\n    exit 1\nfi\n# This output is used by Xcode 'outputs' to avoid re-running this script phase.\necho \"SUCCESS\" > \"${SCRIPT_OUTPUT_FILE_0}\"\n";
			showEnvVarsInLog = 0;
		};
/* End PBXShellScriptBuildPhase section */

/* Begin PBXSourcesBuildPhase section */
		9DF3946E2725C5C10095E269 /* Sources */ = {
			isa = PBXSourcesBuildPhase;
			buildActionMask = 2147483647;
			files = (
				9DF394BA2725C9C10095E269 /* AppDelegate+Init.m in Sources */,
				9DF394C22725CAC10095E269 /* CQNavigationController.m in Sources */,
				9059D5762751CB2600661C42 /* CQCameraOperateView.m in Sources */,
				90DE9CA427CB62FA00A7417E /* JXTableListViewController.swift in Sources */,
				90F2300D2758F54F00AFD137 /* UIButton+CQExtension.m in Sources */,
				90AAC59428085B4800677BDC /* CQTestViewController.m in Sources */,
				90DE9CA327CB62FA00A7417E /* ExcelView.swift in Sources */,
				9D1D3DDD27AE9180009E7329 /* CQVideoDecoder.m in Sources */,
				902B41E127CB9E52006A0EFB /* CQAudioDecoder.m in Sources */,
				9059D5792751CB5300661C42 /* CQCameraStatusView.m in Sources */,
				90A590752786EEBF0038CFD2 /* CQAuthorizationTool.m in Sources */,
				901D5799274DE67C00AA415C /* NSFileManager+CQ.m in Sources */,
				90F230102758FBA600AFD137 /* CQCameraShutterButton.m in Sources */,
				90293E272780550D0057C166 /* CQVTLearningVC.m in Sources */,
				9D1FB5C6272B12AC00F74260 /* CQCaptureManager.m in Sources */,
				9D1D3DE027AEC0E2009E7329 /* CQCoderConfig.m in Sources */,
				9DF394772725C5C10095E269 /* AppDelegate.m in Sources */,
				90DE9CA527CB62FA00A7417E /* JXFileBrowserController.swift in Sources */,
				902B41DE27CB9E43006A0EFB /* CQAudioEncoder.m in Sources */,
				902B41EA27CCDB4D006A0EFB /* CQAudioPCMPlayer.m in Sources */,
				902B41E527CBAC11006A0EFB /* CQTestAudioCoderVC.m in Sources */,
				9DF394882725C5C20095E269 /* main.m in Sources */,
				9DF394BD2725CA160095E269 /* CQCatalogViewController.m in Sources */,
				9059D5712751CA4D00661C42 /* CQCameraVC.m in Sources */,
				90DE9CA727CB62FA00A7417E /* JXFilePreviewViewController.swift in Sources */,
				9D1D3DDA27AE9172009E7329 /* CQVideoEncoder.m in Sources */,
				90DE9CA827CB62FA00A7417E /* JXTableContentViewController.swift in Sources */,
				9DF394B12725C85E0095E269 /* CQBaseViewController.m in Sources */,
				9DC5068D2729B8C100FE7C27 /* CQCapturePreviewView.m in Sources */,
				9DF394C52725CB530095E269 /* CQTestCaptureViewController.m in Sources */,
				90B8F1B627C671E80011EB14 /* CQPlayEAGLLayer.m in Sources */,
				90DE9CA627CB62FA00A7417E /* JXTextPreviewViewController.swift in Sources */,
				90B8F1B327C66F2F0011EB14 /* CQTestVideoCoderVC.m in Sources */,
				90DE9CA227CB62FA00A7417E /* JXDatabaseConnector.swift in Sources */,
				90F2300A2758F1E900AFD137 /* CQScreenTool.m in Sources */,
			);
			runOnlyForDeploymentPostprocessing = 0;
		};
		9DF394892725C5C20095E269 /* Sources */ = {
			isa = PBXSourcesBuildPhase;
			buildActionMask = 2147483647;
			files = (
				9DF394922725C5C20095E269 /* CQAVKitTests.m in Sources */,
			);
			runOnlyForDeploymentPostprocessing = 0;
		};
		9DF394942725C5C20095E269 /* Sources */ = {
			isa = PBXSourcesBuildPhase;
			buildActionMask = 2147483647;
			files = (
				9DF3949D2725C5C20095E269 /* CQAVKitUITests.m in Sources */,
			);
			runOnlyForDeploymentPostprocessing = 0;
		};
/* End PBXSourcesBuildPhase section */

/* Begin PBXTargetDependency section */
		9DF3948F2725C5C20095E269 /* PBXTargetDependency */ = {
			isa = PBXTargetDependency;
			target = 9DF394712725C5C10095E269 /* CQAVKit */;
			targetProxy = 9DF3948E2725C5C20095E269 /* PBXContainerItemProxy */;
		};
		9DF3949A2725C5C20095E269 /* PBXTargetDependency */ = {
			isa = PBXTargetDependency;
			target = 9DF394712725C5C10095E269 /* CQAVKit */;
			targetProxy = 9DF394992725C5C20095E269 /* PBXContainerItemProxy */;
		};
/* End PBXTargetDependency section */

/* Begin PBXVariantGroup section */
		9DF394832725C5C20095E269 /* LaunchScreen.storyboard */ = {
			isa = PBXVariantGroup;
			children = (
				9DF394842725C5C20095E269 /* Base */,
			);
			name = LaunchScreen.storyboard;
			sourceTree = "<group>";
		};
/* End PBXVariantGroup section */

/* Begin XCBuildConfiguration section */
		9DF3949F2725C5C20095E269 /* Debug */ = {
			isa = XCBuildConfiguration;
			buildSettings = {
				ALWAYS_SEARCH_USER_PATHS = NO;
				CLANG_ANALYZER_NONNULL = YES;
				CLANG_ANALYZER_NUMBER_OBJECT_CONVERSION = YES_AGGRESSIVE;
				CLANG_CXX_LANGUAGE_STANDARD = "gnu++14";
				CLANG_CXX_LIBRARY = "libc++";
				CLANG_ENABLE_MODULES = YES;
				CLANG_ENABLE_OBJC_ARC = YES;
				CLANG_ENABLE_OBJC_WEAK = YES;
				CLANG_WARN_BLOCK_CAPTURE_AUTORELEASING = YES;
				CLANG_WARN_BOOL_CONVERSION = YES;
				CLANG_WARN_COMMA = YES;
				CLANG_WARN_CONSTANT_CONVERSION = YES;
				CLANG_WARN_DEPRECATED_OBJC_IMPLEMENTATIONS = YES;
				CLANG_WARN_DIRECT_OBJC_ISA_USAGE = YES_ERROR;
				CLANG_WARN_DOCUMENTATION_COMMENTS = YES;
				CLANG_WARN_EMPTY_BODY = YES;
				CLANG_WARN_ENUM_CONVERSION = YES;
				CLANG_WARN_INFINITE_RECURSION = YES;
				CLANG_WARN_INT_CONVERSION = YES;
				CLANG_WARN_NON_LITERAL_NULL_CONVERSION = YES;
				CLANG_WARN_OBJC_IMPLICIT_RETAIN_SELF = YES;
				CLANG_WARN_OBJC_LITERAL_CONVERSION = YES;
				CLANG_WARN_OBJC_ROOT_CLASS = YES_ERROR;
				CLANG_WARN_QUOTED_INCLUDE_IN_FRAMEWORK_HEADER = YES;
				CLANG_WARN_RANGE_LOOP_ANALYSIS = YES;
				CLANG_WARN_STRICT_PROTOTYPES = YES;
				CLANG_WARN_SUSPICIOUS_MOVE = YES;
				CLANG_WARN_UNGUARDED_AVAILABILITY = YES_AGGRESSIVE;
				CLANG_WARN_UNREACHABLE_CODE = YES;
				CLANG_WARN__DUPLICATE_METHOD_MATCH = YES;
				COPY_PHASE_STRIP = NO;
				DEBUG_INFORMATION_FORMAT = dwarf;
				ENABLE_STRICT_OBJC_MSGSEND = YES;
				ENABLE_TESTABILITY = YES;
				GCC_C_LANGUAGE_STANDARD = gnu11;
				GCC_DYNAMIC_NO_PIC = NO;
				GCC_NO_COMMON_BLOCKS = YES;
				GCC_OPTIMIZATION_LEVEL = 0;
				GCC_PREPROCESSOR_DEFINITIONS = (
					"DEBUG=1",
					"$(inherited)",
				);
				GCC_WARN_64_TO_32_BIT_CONVERSION = YES;
				GCC_WARN_ABOUT_RETURN_TYPE = YES_ERROR;
				GCC_WARN_UNDECLARED_SELECTOR = YES;
				GCC_WARN_UNINITIALIZED_AUTOS = YES_AGGRESSIVE;
				GCC_WARN_UNUSED_FUNCTION = YES;
				GCC_WARN_UNUSED_VARIABLE = YES;
				IPHONEOS_DEPLOYMENT_TARGET = 14.5;
				MTL_ENABLE_DEBUG_INFO = INCLUDE_SOURCE;
				MTL_FAST_MATH = YES;
				ONLY_ACTIVE_ARCH = YES;
				SDKROOT = iphoneos;
			};
			name = Debug;
		};
		9DF394A02725C5C20095E269 /* Release */ = {
			isa = XCBuildConfiguration;
			buildSettings = {
				ALWAYS_SEARCH_USER_PATHS = NO;
				CLANG_ANALYZER_NONNULL = YES;
				CLANG_ANALYZER_NUMBER_OBJECT_CONVERSION = YES_AGGRESSIVE;
				CLANG_CXX_LANGUAGE_STANDARD = "gnu++14";
				CLANG_CXX_LIBRARY = "libc++";
				CLANG_ENABLE_MODULES = YES;
				CLANG_ENABLE_OBJC_ARC = YES;
				CLANG_ENABLE_OBJC_WEAK = YES;
				CLANG_WARN_BLOCK_CAPTURE_AUTORELEASING = YES;
				CLANG_WARN_BOOL_CONVERSION = YES;
				CLANG_WARN_COMMA = YES;
				CLANG_WARN_CONSTANT_CONVERSION = YES;
				CLANG_WARN_DEPRECATED_OBJC_IMPLEMENTATIONS = YES;
				CLANG_WARN_DIRECT_OBJC_ISA_USAGE = YES_ERROR;
				CLANG_WARN_DOCUMENTATION_COMMENTS = YES;
				CLANG_WARN_EMPTY_BODY = YES;
				CLANG_WARN_ENUM_CONVERSION = YES;
				CLANG_WARN_INFINITE_RECURSION = YES;
				CLANG_WARN_INT_CONVERSION = YES;
				CLANG_WARN_NON_LITERAL_NULL_CONVERSION = YES;
				CLANG_WARN_OBJC_IMPLICIT_RETAIN_SELF = YES;
				CLANG_WARN_OBJC_LITERAL_CONVERSION = YES;
				CLANG_WARN_OBJC_ROOT_CLASS = YES_ERROR;
				CLANG_WARN_QUOTED_INCLUDE_IN_FRAMEWORK_HEADER = YES;
				CLANG_WARN_RANGE_LOOP_ANALYSIS = YES;
				CLANG_WARN_STRICT_PROTOTYPES = YES;
				CLANG_WARN_SUSPICIOUS_MOVE = YES;
				CLANG_WARN_UNGUARDED_AVAILABILITY = YES_AGGRESSIVE;
				CLANG_WARN_UNREACHABLE_CODE = YES;
				CLANG_WARN__DUPLICATE_METHOD_MATCH = YES;
				COPY_PHASE_STRIP = NO;
				DEBUG_INFORMATION_FORMAT = "dwarf-with-dsym";
				ENABLE_NS_ASSERTIONS = NO;
				ENABLE_STRICT_OBJC_MSGSEND = YES;
				GCC_C_LANGUAGE_STANDARD = gnu11;
				GCC_NO_COMMON_BLOCKS = YES;
				GCC_WARN_64_TO_32_BIT_CONVERSION = YES;
				GCC_WARN_ABOUT_RETURN_TYPE = YES_ERROR;
				GCC_WARN_UNDECLARED_SELECTOR = YES;
				GCC_WARN_UNINITIALIZED_AUTOS = YES_AGGRESSIVE;
				GCC_WARN_UNUSED_FUNCTION = YES;
				GCC_WARN_UNUSED_VARIABLE = YES;
				IPHONEOS_DEPLOYMENT_TARGET = 14.5;
				MTL_ENABLE_DEBUG_INFO = NO;
				MTL_FAST_MATH = YES;
				SDKROOT = iphoneos;
				VALIDATE_PRODUCT = YES;
			};
			name = Release;
		};
		9DF394A22725C5C20095E269 /* Debug */ = {
			isa = XCBuildConfiguration;
			baseConfigurationReference = 63D95C982079000A34819C2F /* Pods-CQAVKit.debug.xcconfig */;
			buildSettings = {
				ASSETCATALOG_COMPILER_APPICON_NAME = AppIcon;
				ASSETCATALOG_COMPILER_GLOBAL_ACCENT_COLOR_NAME = AccentColor;
				CODE_SIGN_STYLE = Automatic;
				DEVELOPMENT_TEAM = SY5B3H4K8B;
				GCC_PREFIX_HEADER = "$(SRCROOT)/CQAVKit/UI/Other/PrefixHeader.pch";
				INFOPLIST_FILE = CQAVKit/Info.plist;
				IPHONEOS_DEPLOYMENT_TARGET = 11.0;
				LD_RUNPATH_SEARCH_PATHS = (
					"$(inherited)",
					"@executable_path/Frameworks",
				);
				PRODUCT_BUNDLE_IDENTIFIER = com.cq.CQAVKit;
				PRODUCT_NAME = "$(TARGET_NAME)";
				SWIFT_VERSION = 5.0;
				TARGETED_DEVICE_FAMILY = "1,2";
			};
			name = Debug;
		};
		9DF394A32725C5C20095E269 /* Release */ = {
			isa = XCBuildConfiguration;
			baseConfigurationReference = F86E50FC46FE8FBB29480934 /* Pods-CQAVKit.release.xcconfig */;
			buildSettings = {
				ASSETCATALOG_COMPILER_APPICON_NAME = AppIcon;
				ASSETCATALOG_COMPILER_GLOBAL_ACCENT_COLOR_NAME = AccentColor;
				CODE_SIGN_STYLE = Automatic;
				DEVELOPMENT_TEAM = SY5B3H4K8B;
				GCC_PREFIX_HEADER = "$(SRCROOT)/CQAVKit/UI/Other/PrefixHeader.pch";
				INFOPLIST_FILE = CQAVKit/Info.plist;
				IPHONEOS_DEPLOYMENT_TARGET = 11.0;
				LD_RUNPATH_SEARCH_PATHS = (
					"$(inherited)",
					"@executable_path/Frameworks",
				);
				PRODUCT_BUNDLE_IDENTIFIER = com.cq.CQAVKit;
				PRODUCT_NAME = "$(TARGET_NAME)";
				SWIFT_VERSION = 5.0;
				TARGETED_DEVICE_FAMILY = "1,2";
			};
			name = Release;
		};
		9DF394A52725C5C20095E269 /* Debug */ = {
			isa = XCBuildConfiguration;
			buildSettings = {
				ALWAYS_EMBED_SWIFT_STANDARD_LIBRARIES = YES;
				BUNDLE_LOADER = "$(TEST_HOST)";
				CODE_SIGN_STYLE = Automatic;
				DEVELOPMENT_TEAM = SY5B3H4K8B;
				INFOPLIST_FILE = CQAVKitTests/Info.plist;
				IPHONEOS_DEPLOYMENT_TARGET = 14.5;
				LD_RUNPATH_SEARCH_PATHS = (
					"$(inherited)",
					"@executable_path/Frameworks",
					"@loader_path/Frameworks",
				);
				PRODUCT_BUNDLE_IDENTIFIER = com.cq.CQAVKitTests;
				PRODUCT_NAME = "$(TARGET_NAME)";
				TARGETED_DEVICE_FAMILY = "1,2";
				TEST_HOST = "$(BUILT_PRODUCTS_DIR)/CQAVKit.app/CQAVKit";
			};
			name = Debug;
		};
		9DF394A62725C5C20095E269 /* Release */ = {
			isa = XCBuildConfiguration;
			buildSettings = {
				ALWAYS_EMBED_SWIFT_STANDARD_LIBRARIES = YES;
				BUNDLE_LOADER = "$(TEST_HOST)";
				CODE_SIGN_STYLE = Automatic;
				DEVELOPMENT_TEAM = SY5B3H4K8B;
				INFOPLIST_FILE = CQAVKitTests/Info.plist;
				IPHONEOS_DEPLOYMENT_TARGET = 14.5;
				LD_RUNPATH_SEARCH_PATHS = (
					"$(inherited)",
					"@executable_path/Frameworks",
					"@loader_path/Frameworks",
				);
				PRODUCT_BUNDLE_IDENTIFIER = com.cq.CQAVKitTests;
				PRODUCT_NAME = "$(TARGET_NAME)";
				TARGETED_DEVICE_FAMILY = "1,2";
				TEST_HOST = "$(BUILT_PRODUCTS_DIR)/CQAVKit.app/CQAVKit";
			};
			name = Release;
		};
		9DF394A82725C5C20095E269 /* Debug */ = {
			isa = XCBuildConfiguration;
			buildSettings = {
				ALWAYS_EMBED_SWIFT_STANDARD_LIBRARIES = YES;
				CODE_SIGN_STYLE = Automatic;
				DEVELOPMENT_TEAM = SY5B3H4K8B;
				INFOPLIST_FILE = CQAVKitUITests/Info.plist;
				LD_RUNPATH_SEARCH_PATHS = (
					"$(inherited)",
					"@executable_path/Frameworks",
					"@loader_path/Frameworks",
				);
				PRODUCT_BUNDLE_IDENTIFIER = com.cq.CQAVKitUITests;
				PRODUCT_NAME = "$(TARGET_NAME)";
				TARGETED_DEVICE_FAMILY = "1,2";
				TEST_TARGET_NAME = CQAVKit;
			};
			name = Debug;
		};
		9DF394A92725C5C20095E269 /* Release */ = {
			isa = XCBuildConfiguration;
			buildSettings = {
				ALWAYS_EMBED_SWIFT_STANDARD_LIBRARIES = YES;
				CODE_SIGN_STYLE = Automatic;
				DEVELOPMENT_TEAM = SY5B3H4K8B;
				INFOPLIST_FILE = CQAVKitUITests/Info.plist;
				LD_RUNPATH_SEARCH_PATHS = (
					"$(inherited)",
					"@executable_path/Frameworks",
					"@loader_path/Frameworks",
				);
				PRODUCT_BUNDLE_IDENTIFIER = com.cq.CQAVKitUITests;
				PRODUCT_NAME = "$(TARGET_NAME)";
				TARGETED_DEVICE_FAMILY = "1,2";
				TEST_TARGET_NAME = CQAVKit;
			};
			name = Release;
		};
/* End XCBuildConfiguration section */

/* Begin XCConfigurationList section */
		9DF3946D2725C5C10095E269 /* Build configuration list for PBXProject "CQAVKit" */ = {
			isa = XCConfigurationList;
			buildConfigurations = (
				9DF3949F2725C5C20095E269 /* Debug */,
				9DF394A02725C5C20095E269 /* Release */,
			);
			defaultConfigurationIsVisible = 0;
			defaultConfigurationName = Release;
		};
		9DF394A12725C5C20095E269 /* Build configuration list for PBXNativeTarget "CQAVKit" */ = {
			isa = XCConfigurationList;
			buildConfigurations = (
				9DF394A22725C5C20095E269 /* Debug */,
				9DF394A32725C5C20095E269 /* Release */,
			);
			defaultConfigurationIsVisible = 0;
			defaultConfigurationName = Release;
		};
		9DF394A42725C5C20095E269 /* Build configuration list for PBXNativeTarget "CQAVKitTests" */ = {
			isa = XCConfigurationList;
			buildConfigurations = (
				9DF394A52725C5C20095E269 /* Debug */,
				9DF394A62725C5C20095E269 /* Release */,
			);
			defaultConfigurationIsVisible = 0;
			defaultConfigurationName = Release;
		};
		9DF394A72725C5C20095E269 /* Build configuration list for PBXNativeTarget "CQAVKitUITests" */ = {
			isa = XCConfigurationList;
			buildConfigurations = (
				9DF394A82725C5C20095E269 /* Debug */,
				9DF394A92725C5C20095E269 /* Release */,
			);
			defaultConfigurationIsVisible = 0;
			defaultConfigurationName = Release;
		};
/* End XCConfigurationList section */
	};
	rootObject = 9DF3946A2725C5C10095E269 /* Project object */;
}
